
Microsoft Visual Studio Solution File, Format Version 12.00
# Visual Studio 2013
VisualStudioVersion = 12.0.31101.0
MinimumVisualStudioVersion = 10.0.40219.1
Project("{FAE04EC0-301F-11D3-BF4B-00C04F79EFBC}") = "capitulo01", "capitulo01\capitulo01.csproj", "{D09A7121-D03A-4F3D-B9FF-F5361883E075}"
EndProject
Project("{FAE04EC0-301F-11D3-BF4B-00C04F79EFBC}") = "capitulo02_AbstractFactory", "capitulo02\capitulo02_AbstractFactory.csproj", "{82D76390-C37C-450C-BE5D-89DABBFD38C9}"
EndProject
Project("{FAE04EC0-301F-11D3-BF4B-00C04F79EFBC}") = "capitulo02_AbstractFactory2", "capitulo2_AbstractFactory2\capitulo02_AbstractFactory2.csproj", "{7EE697FB-300D-4E8C-A1EA-F5922358872F}"
EndProject
Project("{FAE04EC0-301F-11D3-BF4B-00C04F79EFBC}") = "capitulo02_AbstractFactory2Depois", "capitulo02_AbstractFactory2Depois\capitulo02_AbstractFactory2Depois.csproj", "{12733EB1-E61F-4943-ABAD-0ED34DCD8FB9}"
EndProject
Project("{FAE04EC0-301F-11D3-BF4B-00C04F79EFBC}") = "capitulo03_Builder", "capitulo03_Builder\capitulo03_Builder.csproj", "{F4BAA4E5-504A-46F9-AA7A-FF15B6DB1AAE}"
EndProject
Project("{FAE04EC0-301F-11D3-BF4B-00C04F79EFBC}") = "capitulo03_Builder_Antes", "capitulo03_Builder_Antes\capitulo03_Builder_Antes.csproj", "{2155252B-6BD6-4835-B0C0-5CCD752F182D}"
EndProject
Project("{FAE04EC0-301F-11D3-BF4B-00C04F79EFBC}") = "capitulo03_Depois", "capitulo03_Depois\capitulo03_Depois.csproj", "{EE53FA71-B9BA-4CD4-B5EE-FEE087C7E4B2}"
EndProject
Project("{FAE04EC0-301F-11D3-BF4B-00C04F79EFBC}") = "capitulo4_FactoryMethod", "capitulo4_FactoryMethod\capitulo4_FactoryMethod.csproj", "{C8E421E9-DA41-445C-A78E-865FA86BC0C2}"
EndProject
Project("{FAE04EC0-301F-11D3-BF4B-00C04F79EFBC}") = "capitulo4_FactoryMethodAntes", "capitulo4_FactoryMethodAntes\capitulo4_FactoryMethodAntes.csproj", "{E502B3EF-AC05-4C00-8749-C51E3DB91F89}"
EndProject
Global
	GlobalSection(SolutionConfigurationPlatforms) = preSolution
		Debug|Any CPU = Debug|Any CPU
		Release|Any CPU = Release|Any CPU
	EndGlobalSection
	GlobalSection(ProjectConfigurationPlatforms) = postSolution
		{D09A7121-D03A-4F3D-B9FF-F5361883E075}.Debug|Any CPU.ActiveCfg = Debug|Any CPU
		{D09A7121-D03A-4F3D-B9FF-F5361883E075}.Debug|Any CPU.Build.0 = Debug|Any CPU
		{D09A7121-D03A-4F3D-B9FF-F5361883E075}.Release|Any CPU.ActiveCfg = Release|Any CPU
		{D09A7121-D03A-4F3D-B9FF-F5361883E075}.Release|Any CPU.Build.0 = Release|Any CPU
		{82D76390-C37C-450C-BE5D-89DABBFD38C9}.Debug|Any CPU.ActiveCfg = Debug|Any CPU
		{82D76390-C37C-450C-BE5D-89DABBFD38C9}.Debug|Any CPU.Build.0 = Debug|Any CPU
		{82D76390-C37C-450C-BE5D-89DABBFD38C9}.Release|Any CPU.ActiveCfg = Release|Any CPU
		{82D76390-C37C-450C-BE5D-89DABBFD38C9}.Release|Any CPU.Build.0 = Release|Any CPU
		{7EE697FB-300D-4E8C-A1EA-F5922358872F}.Debug|Any CPU.ActiveCfg = Debug|Any CPU
		{7EE697FB-300D-4E8C-A1EA-F5922358872F}.Debug|Any CPU.Build.0 = Debug|Any CPU
		{7EE697FB-300D-4E8C-A1EA-F5922358872F}.Release|Any CPU.ActiveCfg = Release|Any CPU
		{7EE697FB-300D-4E8C-A1EA-F5922358872F}.Release|Any CPU.Build.0 = Release|Any CPU
		{12733EB1-E61F-4943-ABAD-0ED34DCD8FB9}.Debug|Any CPU.ActiveCfg = Debug|Any CPU
		{12733EB1-E61F-4943-ABAD-0ED34DCD8FB9}.Debug|Any CPU.Build.0 = Debug|Any CPU
		{12733EB1-E61F-4943-ABAD-0ED34DCD8FB9}.Release|Any CPU.ActiveCfg = Release|Any CPU
		{12733EB1-E61F-4943-ABAD-0ED34DCD8FB9}.Release|Any CPU.Build.0 = Release|Any CPU
		{F4BAA4E5-504A-46F9-AA7A-FF15B6DB1AAE}.Debug|Any CPU.ActiveCfg = Debug|Any CPU
		{F4BAA4E5-504A-46F9-AA7A-FF15B6DB1AAE}.Debug|Any CPU.Build.0 = Debug|Any CPU
		{F4BAA4E5-504A-46F9-AA7A-FF15B6DB1AAE}.Release|Any CPU.ActiveCfg = Release|Any CPU
		{F4BAA4E5-504A-46F9-AA7A-FF15B6DB1AAE}.Release|Any CPU.Build.0 = Release|Any CPU
		{2155252B-6BD6-4835-B0C0-5CCD752F182D}.Debug|Any CPU.ActiveCfg = Debug|Any CPU
		{2155252B-6BD6-4835-B0C0-5CCD752F182D}.Debug|Any CPU.Build.0 = Debug|Any CPU
		{2155252B-6BD6-4835-B0C0-5CCD752F182D}.Release|Any CPU.ActiveCfg = Release|Any CPU
		{2155252B-6BD6-4835-B0C0-5CCD752F182D}.Release|Any CPU.Build.0 = Release|Any CPU
		{EE53FA71-B9BA-4CD4-B5EE-FEE087C7E4B2}.Debug|Any CPU.ActiveCfg = Debug|Any CPU
		{EE53FA71-B9BA-4CD4-B5EE-FEE087C7E4B2}.Debug|Any CPU.Build.0 = Debug|Any CPU
		{EE53FA71-B9BA-4CD4-B5EE-FEE087C7E4B2}.Release|Any CPU.ActiveCfg = Release|Any CPU
		{EE53FA71-B9BA-4CD4-B5EE-FEE087C7E4B2}.Release|Any CPU.Build.0 = Release|Any CPU
		{C8E421E9-DA41-445C-A78E-865FA86BC0C2}.Debug|Any CPU.ActiveCfg = Debug|Any CPU
		{C8E421E9-DA41-445C-A78E-865FA86BC0C2}.Debug|Any CPU.Build.0 = Debug|Any CPU
		{C8E421E9-DA41-445C-A78E-865FA86BC0C2}.Release|Any CPU.ActiveCfg = Release|Any CPU
		{C8E421E9-DA41-445C-A78E-865FA86BC0C2}.Release|Any CPU.Build.0 = Release|Any CPU
		{E502B3EF-AC05-4C00-8749-C51E3DB91F89}.Debug|Any CPU.ActiveCfg = Debug|Any CPU
		{E502B3EF-AC05-4C00-8749-C51E3DB91F89}.Debug|Any CPU.Build.0 = Debug|Any CPU
		{E502B3EF-AC05-4C00-8749-C51E3DB91F89}.Release|Any CPU.ActiveCfg = Release|Any CPU
		{E502B3EF-AC05-4C00-8749-C51E3DB91F89}.Release|Any CPU.Build.0 = Release|Any CPU
	EndGlobalSection
	GlobalSection(SolutionProperties) = preSolution
		HideSolutionNode = FALSE
	EndGlobalSection
EndGlobal
